
Microsoft Visual Studio Solution File, Format Version 12.00
# Visual Studio Express 2012 for Windows Desktop
Project("{F184B08F-C81C-45F6-A57F-5ABD9991F28F}") = "WC3 Calculator Flat", "WC3 Calculator Flat\WC3 Calculator Flat.vbproj", "{58D949B3-84A4-4B6F-97BA-14D233D0F053}"
EndProject
Global
	GlobalSection(SolutionConfigurationPlatforms) = preSolution
		Debug|Any CPU = Debug|Any CPU
		Release|Any CPU = Release|Any CPU
	EndGlobalSection
	GlobalSection(ProjectConfigurationPlatforms) = postSolution
		{58D949B3-84A4-4B6F-97BA-14D233D0F053}.Debug|Any CPU.ActiveCfg = Debug|Any CPU
		{58D949B3-84A4-4B6F-97BA-14D233D0F053}.Debug|Any CPU.Build.0 = Debug|Any CPU
		{58D949B3-84A4-4B6F-97BA-14D233D0F053}.Release|Any CPU.ActiveCfg = Release|Any CPU
		{58D949B3-84A4-4B6F-97BA-14D233D0F053}.Release|Any CPU.Build.0 = Release|Any CPU
	EndGlobalSection
	GlobalSection(SolutionProperties) = preSolution
		HideSolutionNode = FALSE
	EndGlobalSection
EndGlobal
